
Microsoft Visual Studio Solution File, Format Version 12.00
# Visual Studio 15
VisualStudioVersion = 15.0.27703.2042
MinimumVisualStudioVersion = 10.0.40219.1
Project("{8BC9CEB8-8B4A-11D0-8D11-00A0C91BC942}") = "DirectX_2DGame", "DirectX_2DGame.vcxproj", "{B211FAF9-A38D-4C50-9E1A-3B2DA70DE3D6}"
EndProject
Global
	GlobalSection(SolutionConfigurationPlatforms) = preSolution
		Debug|x64 = Debug|x64
		Debug|x86 = Debug|x86
		Release|x64 = Release|x64
		Release|x86 = Release|x86
	EndGlobalSection
	GlobalSection(ProjectConfigurationPlatforms) = postSolution
		{B211FAF9-A38D-4C50-9E1A-3B2DA70DE3D6}.Debug|x64.ActiveCfg = Debug|x64
		{B211FAF9-A38D-4C50-9E1A-3B2DA70DE3D6}.Debug|x64.Build.0 = Debug|x64
		{B211FAF9-A38D-4C50-9E1A-3B2DA70DE3D6}.Debug|x86.ActiveCfg = Debug|Win32
		{B211FAF9-A38D-4C50-9E1A-3B2DA70DE3D6}.Debug|x86.Build.0 = Debug|Win32
		{B211FAF9-A38D-4C50-9E1A-3B2DA70DE3D6}.Release|x64.ActiveCfg = Release|x64
		{B211FAF9-A38D-4C50-9E1A-3B2DA70DE3D6}.Release|x64.Build.0 = Release|x64
		{B211FAF9-A38D-4C50-9E1A-3B2DA70DE3D6}.Release|x86.ActiveCfg = Release|Win32
		{B211FAF9-A38D-4C50-9E1A-3B2DA70DE3D6}.Release|x86.Build.0 = Release|Win32
	EndGlobalSection
	GlobalSection(SolutionProperties) = preSolution
		HideSolutionNode = FALSE
	EndGlobalSection
	GlobalSection(ExtensibilityGlobals) = postSolution
		SolutionGuid = {89FFCB2B-7812-4A39-8C27-FE9A708DACB8}
	EndGlobalSection
EndGlobal
